
Microsoft Visual Studio Solution File, Format Version 12.00
# Visual Studio 15
VisualStudioVersion = 15.0.26730.16
MinimumVisualStudioVersion = 10.0.40219.1
Project("{FAE04EC0-301F-11D3-BF4B-00C04F79EFBC}") = "SentimentAnalysis", "SentimentAnalysis\SentimentAnalysis.csproj", "{327577D0-D269-4C8F-88B8-76A115C6306A}"
EndProject
Global
	GlobalSection(SolutionConfigurationPlatforms) = preSolution
		Debug|Any CPU = Debug|Any CPU
		Release|Any CPU = Release|Any CPU
	EndGlobalSection
	GlobalSection(ProjectConfigurationPlatforms) = postSolution
		{327577D0-D269-4C8F-88B8-76A115C6306A}.Debug|Any CPU.ActiveCfg = Debug|Any CPU
		{327577D0-D269-4C8F-88B8-76A115C6306A}.Debug|Any CPU.Build.0 = Debug|Any CPU
		{327577D0-D269-4C8F-88B8-76A115C6306A}.Release|Any CPU.ActiveCfg = Release|Any CPU
		{327577D0-D269-4C8F-88B8-76A115C6306A}.Release|Any CPU.Build.0 = Release|Any CPU
	EndGlobalSection
	GlobalSection(SolutionProperties) = preSolution
		HideSolutionNode = FALSE
	EndGlobalSection
	GlobalSection(ExtensibilityGlobals) = postSolution
		SolutionGuid = {D2F0EF24-FB44-4090-9A83-D4ECDDFA6543}
	EndGlobalSection
EndGlobal
